# This file is automatically @generated by Cargo.
# It is not intended for manual editing.
[[package]]
name = "arbitrary"
version = "0.4.5"
source = "registry+https://github.com/rust-lang/crates.io-index"
checksum = "7cb544f1057eaaff4b34f8c4dcf56fc3cd04debd291998405d135017a7c3c0f4"

[[package]]
name = "cc"
version = "1.0.58"
source = "registry+https://github.com/rust-lang/crates.io-index"
checksum = "f9a06fb2e53271d7c279ec1efea6ab691c35a2ae67ec0d91d7acec0caf13b518"

[[package]]
name = "libfuzzer-sys"
version = "0.3.3"
source = "registry+https://github.com/rust-lang/crates.io-index"
checksum = "87ccaa86e7872547575190db4f1f915bad8eb0f2ae7491ede35e53ae76abfba9"
dependencies = [
 "arbitrary",
 "cc",
]

[[package]]
name = "rlox"
version = "0.1.0"

[[package]]
name = "rlox-fuzz"
version = "0.0.0"
dependencies = [
 "libfuzzer-sys",
 "rlox",
]
